# This file is autogenerated, do not edit; changes may be undone by the next 'dep ensure'.


[[projects]]
  name = "github.com/xlab/at"
  packages = ["pdu"]
  revision = "56f3853"

[[projects]]
  name = "golang.org/x/text"
  packages = [
    "encoding",
    "encoding/charmap",
    "encoding/internal",
    "encoding/internal/identifier",
    "encoding/unicode",
    "internal/gen",
    "internal/utf8internal",
    "runes",
    "transform",
    "unicode/cldr"
  ]
  revision = "cfdf022"

[solve-meta]
  analyzer-name = "dep"
  analyzer-version = 1
  inputs-digest = "7350ded2d4fbe33a5b9da955f64a8f8e778d24aa0a0b470f6d1b468cccbc3389"
  solver-name = "gps-cdcl"
  solver-version = 1
